
Microsoft Visual Studio Solution File, Format Version 12.00
# Visual Studio Version 17
VisualStudioVersion = 17.14.36105.17 d17.14
MinimumVisualStudioVersion = 10.0.40219.1
Project("{FAE04EC0-301F-11D3-BF4B-00C04F79EFBC}") = "CodeFirstAspCore6", "CodeFirstAspCore6\CodeFirstAspCore6.csproj", "{BD5CBBBD-DF77-43B2-AE95-522359B7CE54}"
EndProject
Global
	GlobalSection(SolutionConfigurationPlatforms) = preSolution
		Debug|Any CPU = Debug|Any CPU
		Release|Any CPU = Release|Any CPU
	EndGlobalSection
	GlobalSection(ProjectConfigurationPlatforms) = postSolution
		{BD5CBBBD-DF77-43B2-AE95-522359B7CE54}.Debug|Any CPU.ActiveCfg = Debug|Any CPU
		{BD5CBBBD-DF77-43B2-AE95-522359B7CE54}.Debug|Any CPU.Build.0 = Debug|Any CPU
		{BD5CBBBD-DF77-43B2-AE95-522359B7CE54}.Release|Any CPU.ActiveCfg = Release|Any CPU
		{BD5CBBBD-DF77-43B2-AE95-522359B7CE54}.Release|Any CPU.Build.0 = Release|Any CPU
	EndGlobalSection
	GlobalSection(SolutionProperties) = preSolution
		HideSolutionNode = FALSE
	EndGlobalSection
	GlobalSection(ExtensibilityGlobals) = postSolution
		SolutionGuid = {BA95C5C1-C68C-4468-91DC-878C53E6E86F}
	EndGlobalSection
EndGlobal
