
Microsoft Visual Studio Solution File, Format Version 12.00
# Visual Studio Version 17
VisualStudioVersion = 17.14.36105.17 d17.14
MinimumVisualStudioVersion = 10.0.40219.1
Project("{FAE04EC0-301F-11D3-BF4B-00C04F79EFBC}") = "ValidationAttributeASPCore", "ValidationAttributeASPCore\ValidationAttributeASPCore.csproj", "{D04DC8AF-98B2-4E6C-9E0D-D65AEA8D5DA9}"
EndProject
Global
	GlobalSection(SolutionConfigurationPlatforms) = preSolution
		Debug|Any CPU = Debug|Any CPU
		Release|Any CPU = Release|Any CPU
	EndGlobalSection
	GlobalSection(ProjectConfigurationPlatforms) = postSolution
		{D04DC8AF-98B2-4E6C-9E0D-D65AEA8D5DA9}.Debug|Any CPU.ActiveCfg = Debug|Any CPU
		{D04DC8AF-98B2-4E6C-9E0D-D65AEA8D5DA9}.Debug|Any CPU.Build.0 = Debug|Any CPU
		{D04DC8AF-98B2-4E6C-9E0D-D65AEA8D5DA9}.Release|Any CPU.ActiveCfg = Release|Any CPU
		{D04DC8AF-98B2-4E6C-9E0D-D65AEA8D5DA9}.Release|Any CPU.Build.0 = Release|Any CPU
	EndGlobalSection
	GlobalSection(SolutionProperties) = preSolution
		HideSolutionNode = FALSE
	EndGlobalSection
	GlobalSection(ExtensibilityGlobals) = postSolution
		SolutionGuid = {47B81BEE-0BDD-4C28-834C-A7AEDD104686}
	EndGlobalSection
EndGlobal
