
Microsoft Visual Studio Solution File, Format Version 12.00
# Visual Studio Version 17
VisualStudioVersion = 17.14.36105.17 d17.14
MinimumVisualStudioVersion = 10.0.40219.1
Project("{FAE04EC0-301F-11D3-BF4B-00C04F79EFBC}") = "ModelDataUsingViewData", "ModelDataUsingViewData\ModelDataUsingViewData.csproj", "{0E873917-41EA-41DD-9F8F-7FDEAF7DB65C}"
EndProject
Global
	GlobalSection(SolutionConfigurationPlatforms) = preSolution
		Debug|Any CPU = Debug|Any CPU
		Release|Any CPU = Release|Any CPU
	EndGlobalSection
	GlobalSection(ProjectConfigurationPlatforms) = postSolution
		{0E873917-41EA-41DD-9F8F-7FDEAF7DB65C}.Debug|Any CPU.ActiveCfg = Debug|Any CPU
		{0E873917-41EA-41DD-9F8F-7FDEAF7DB65C}.Debug|Any CPU.Build.0 = Debug|Any CPU
		{0E873917-41EA-41DD-9F8F-7FDEAF7DB65C}.Release|Any CPU.ActiveCfg = Release|Any CPU
		{0E873917-41EA-41DD-9F8F-7FDEAF7DB65C}.Release|Any CPU.Build.0 = Release|Any CPU
	EndGlobalSection
	GlobalSection(SolutionProperties) = preSolution
		HideSolutionNode = FALSE
	EndGlobalSection
	GlobalSection(ExtensibilityGlobals) = postSolution
		SolutionGuid = {6CEBD445-0837-4B33-B287-2DF06099A334}
	EndGlobalSection
EndGlobal
