
Microsoft Visual Studio Solution File, Format Version 12.00
# Visual Studio Version 17
VisualStudioVersion = 17.14.36105.17 d17.14
MinimumVisualStudioVersion = 10.0.40219.1
Project("{FAE04EC0-301F-11D3-BF4B-00C04F79EFBC}") = "ImageTagHelper", "ImageTagHelper\ImageTagHelper.csproj", "{640F9E81-7AC5-4792-B4AB-55F2DBEAC6E3}"
EndProject
Global
	GlobalSection(SolutionConfigurationPlatforms) = preSolution
		Debug|Any CPU = Debug|Any CPU
		Release|Any CPU = Release|Any CPU
	EndGlobalSection
	GlobalSection(ProjectConfigurationPlatforms) = postSolution
		{640F9E81-7AC5-4792-B4AB-55F2DBEAC6E3}.Debug|Any CPU.ActiveCfg = Debug|Any CPU
		{640F9E81-7AC5-4792-B4AB-55F2DBEAC6E3}.Debug|Any CPU.Build.0 = Debug|Any CPU
		{640F9E81-7AC5-4792-B4AB-55F2DBEAC6E3}.Release|Any CPU.ActiveCfg = Release|Any CPU
		{640F9E81-7AC5-4792-B4AB-55F2DBEAC6E3}.Release|Any CPU.Build.0 = Release|Any CPU
	EndGlobalSection
	GlobalSection(SolutionProperties) = preSolution
		HideSolutionNode = FALSE
	EndGlobalSection
	GlobalSection(ExtensibilityGlobals) = postSolution
		SolutionGuid = {4F71BB64-F052-4575-BCEC-F3E9A8425503}
	EndGlobalSection
EndGlobal
